
Microsoft Visual Studio Solution File, Format Version 12.00
# Visual Studio 15
VisualStudioVersion = 15.0.27130.2003
MinimumVisualStudioVersion = 10.0.40219.1
Project("{FAE04EC0-301F-11D3-BF4B-00C04F79EFBC}") = "kcc_emu", "kcc_emu\kcc_emu.csproj", "{6250AA78-3124-4FCE-BA7D-31EFC16E3301}"
EndProject
Global
	GlobalSection(SolutionConfigurationPlatforms) = preSolution
		Debug|Any CPU = Debug|Any CPU
		Release|Any CPU = Release|Any CPU
	EndGlobalSection
	GlobalSection(ProjectConfigurationPlatforms) = postSolution
		{6250AA78-3124-4FCE-BA7D-31EFC16E3301}.Debug|Any CPU.ActiveCfg = Debug|Any CPU
		{6250AA78-3124-4FCE-BA7D-31EFC16E3301}.Debug|Any CPU.Build.0 = Debug|Any CPU
		{6250AA78-3124-4FCE-BA7D-31EFC16E3301}.Release|Any CPU.ActiveCfg = Release|Any CPU
		{6250AA78-3124-4FCE-BA7D-31EFC16E3301}.Release|Any CPU.Build.0 = Release|Any CPU
	EndGlobalSection
	GlobalSection(SolutionProperties) = preSolution
		HideSolutionNode = FALSE
	EndGlobalSection
	GlobalSection(ExtensibilityGlobals) = postSolution
		SolutionGuid = {9FBE71A4-2D4A-46AF-9953-D9D5F8B0CF87}
	EndGlobalSection
EndGlobal
